# This file is autogenerated, do not edit; changes may be undone by the next 'dep ensure'.


[[projects]]
  name = "gopkg.in/gographics/imagick.v3"
  packages = [
    "imagick",
    "imagick/types"
  ]
  revision = "e5c95c340c8d9bf140ca670563906805b655d9d9"
  version = "v3.2.0"

[solve-meta]
  analyzer-name = "dep"
  analyzer-version = 1
  inputs-digest = "203bfc7b490e7882088df7eb943c043bdb611750fd6188b2a0d7cdad13f0cf03"
  solver-name = "gps-cdcl"
  solver-version = 1
